
Microsoft Visual Studio Solution File, Format Version 12.00
# Visual Studio 15
VisualStudioVersion = 15.0.28307.852
MinimumVisualStudioVersion = 10.0.40219.1
Project("{8BC9CEB8-8B4A-11D0-8D11-00A0C91BC942}") = "DataProtector", "DataProtector\DataProtector.vcxproj", "{F768B013-F0CC-4BE7-B807-B44C8CE41A82}"
EndProject
Global
	GlobalSection(SolutionConfigurationPlatforms) = preSolution
		Debug|x64 = Debug|x64
		Debug|x86 = Debug|x86
		Release|x64 = Release|x64
		Release|x86 = Release|x86
	EndGlobalSection
	GlobalSection(ProjectConfigurationPlatforms) = postSolution
		{F768B013-F0CC-4BE7-B807-B44C8CE41A82}.Debug|x64.ActiveCfg = Debug|x64
		{F768B013-F0CC-4BE7-B807-B44C8CE41A82}.Debug|x64.Build.0 = Debug|x64
		{F768B013-F0CC-4BE7-B807-B44C8CE41A82}.Debug|x86.ActiveCfg = Debug|Win32
		{F768B013-F0CC-4BE7-B807-B44C8CE41A82}.Debug|x86.Build.0 = Debug|Win32
		{F768B013-F0CC-4BE7-B807-B44C8CE41A82}.Release|x64.ActiveCfg = Release|x64
		{F768B013-F0CC-4BE7-B807-B44C8CE41A82}.Release|x64.Build.0 = Release|x64
		{F768B013-F0CC-4BE7-B807-B44C8CE41A82}.Release|x86.ActiveCfg = Release|Win32
		{F768B013-F0CC-4BE7-B807-B44C8CE41A82}.Release|x86.Build.0 = Release|Win32
	EndGlobalSection
	GlobalSection(SolutionProperties) = preSolution
		HideSolutionNode = FALSE
	EndGlobalSection
	GlobalSection(ExtensibilityGlobals) = postSolution
		SolutionGuid = {331012B9-A9EA-4D20-B9C5-308F9BF86624}
	EndGlobalSection
EndGlobal
